// !$*UTF8*$!
{
	archiveVersion = 1;
	classes = {
	};
	objectVersion = 50;
	objects = {

/* Begin PBXBuildFile section */
		49359C46215ED4C100B5E334 /* Main.storyboard in Resources */ = {isa = PBXBuildFile; fileRef = 49359C45215ED4C100B5E334 /* Main.storyboard */; };
		49359C48215ED4CE00B5E334 /* Favorite.storyboard in Resources */ = {isa = PBXBuildFile; fileRef = 49359C47215ED4CE00B5E334 /* Favorite.storyboard */; };
		49359C4A215ED4D500B5E334 /* List.storyboard in Resources */ = {isa = PBXBuildFile; fileRef = 49359C49215ED4D500B5E334 /* List.storyboard */; };
		49359C4D215ED73B00B5E334 /* BaseRequester.swift in Sources */ = {isa = PBXBuildFile; fileRef = 49359C4C215ED73B00B5E334 /* BaseRequester.swift */; };
		49359C4F215EDD1600B5E334 /* HeroRequester.swift in Sources */ = {isa = PBXBuildFile; fileRef = 49359C4E215EDD1600B5E334 /* HeroRequester.swift */; };
		49359C52215EDDD900B5E334 /* MainHeroViewController.swift in Sources */ = {isa = PBXBuildFile; fileRef = 49359C51215EDDD900B5E334 /* MainHeroViewController.swift */; };
		49359C5521602D7800B5E334 /* Hero.swift in Sources */ = {isa = PBXBuildFile; fileRef = 49359C5421602D7800B5E334 /* Hero.swift */; };
		49359C58216035F400B5E334 /* HeroesListViewController.swift in Sources */ = {isa = PBXBuildFile; fileRef = 49359C57216035F400B5E334 /* HeroesListViewController.swift */; };
		49359C5B21604B9D00B5E334 /* HeroesListDataSource.swift in Sources */ = {isa = PBXBuildFile; fileRef = 49359C5A21604B9D00B5E334 /* HeroesListDataSource.swift */; };
		49359C5F21604FD700B5E334 /* HeroTableViewCell.swift in Sources */ = {isa = PBXBuildFile; fileRef = 49359C5D21604FD700B5E334 /* HeroTableViewCell.swift */; };
		49359C6021604FD700B5E334 /* HeroTableViewCell.xib in Resources */ = {isa = PBXBuildFile; fileRef = 49359C5E21604FD700B5E334 /* HeroTableViewCell.xib */; };
		49359C632160512700B5E334 /* UIImageView.swift in Sources */ = {isa = PBXBuildFile; fileRef = 49359C622160512700B5E334 /* UIImageView.swift */; };
		49B14C5B2160F22E00A95CF9 /* HeroDetailViewController.swift in Sources */ = {isa = PBXBuildFile; fileRef = 49B14C5A2160F22E00A95CF9 /* HeroDetailViewController.swift */; };
		49B14C5E2160FC5000A95CF9 /* RoundedImage.swift in Sources */ = {isa = PBXBuildFile; fileRef = 49B14C5D2160FC5000A95CF9 /* RoundedImage.swift */; };
		49B14C6521610D0200A95CF9 /* ShowMoreTableViewCell.swift in Sources */ = {isa = PBXBuildFile; fileRef = 49B14C6321610D0200A95CF9 /* ShowMoreTableViewCell.swift */; };
		49B14C6621610D0200A95CF9 /* ShowMoreTableViewCell.xib in Resources */ = {isa = PBXBuildFile; fileRef = 49B14C6421610D0200A95CF9 /* ShowMoreTableViewCell.xib */; };
		49B7815F215ED45D0057B47F /* AppDelegate.swift in Sources */ = {isa = PBXBuildFile; fileRef = 49B7815E215ED45D0057B47F /* AppDelegate.swift */; };
		49B78166215ED45E0057B47F /* Assets.xcassets in Resources */ = {isa = PBXBuildFile; fileRef = 49B78165215ED45E0057B47F /* Assets.xcassets */; };
		49B78169215ED45E0057B47F /* LaunchScreen.storyboard in Resources */ = {isa = PBXBuildFile; fileRef = 49B78167215ED45E0057B47F /* LaunchScreen.storyboard */; };
		DC74466FC9928E1275F7C3E8 /* Pods_BeMyHero.framework in Frameworks */ = {isa = PBXBuildFile; fileRef = 77AECBBFB238FF1463144EC1 /* Pods_BeMyHero.framework */; };
/* End PBXBuildFile section */

/* Begin PBXFileReference section */
		3EDE91502F6202A78736305C /* Pods-BeMyHero.release.xcconfig */ = {isa = PBXFileReference; includeInIndex = 1; lastKnownFileType = text.xcconfig; name = "Pods-BeMyHero.release.xcconfig"; path = "Pods/Target Support Files/Pods-BeMyHero/Pods-BeMyHero.release.xcconfig"; sourceTree = "<group>"; };
		49359C45215ED4C100B5E334 /* Main.storyboard */ = {isa = PBXFileReference; lastKnownFileType = file.storyboard; path = Main.storyboard; sourceTree = "<group>"; };
		49359C47215ED4CE00B5E334 /* Favorite.storyboard */ = {isa = PBXFileReference; lastKnownFileType = file.storyboard; path = Favorite.storyboard; sourceTree = "<group>"; };
		49359C49215ED4D500B5E334 /* List.storyboard */ = {isa = PBXFileReference; lastKnownFileType = file.storyboard; path = List.storyboard; sourceTree = "<group>"; };
		49359C4C215ED73B00B5E334 /* BaseRequester.swift */ = {isa = PBXFileReference; lastKnownFileType = sourcecode.swift; path = BaseRequester.swift; sourceTree = "<group>"; };
		49359C4E215EDD1600B5E334 /* HeroRequester.swift */ = {isa = PBXFileReference; lastKnownFileType = sourcecode.swift; path = HeroRequester.swift; sourceTree = "<group>"; };
		49359C51215EDDD900B5E334 /* MainHeroViewController.swift */ = {isa = PBXFileReference; lastKnownFileType = sourcecode.swift; path = MainHeroViewController.swift; sourceTree = "<group>"; };
		49359C5421602D7800B5E334 /* Hero.swift */ = {isa = PBXFileReference; lastKnownFileType = sourcecode.swift; path = Hero.swift; sourceTree = "<group>"; };
		49359C57216035F400B5E334 /* HeroesListViewController.swift */ = {isa = PBXFileReference; lastKnownFileType = sourcecode.swift; path = HeroesListViewController.swift; sourceTree = "<group>"; };
		49359C5A21604B9D00B5E334 /* HeroesListDataSource.swift */ = {isa = PBXFileReference; lastKnownFileType = sourcecode.swift; path = HeroesListDataSource.swift; sourceTree = "<group>"; };
		49359C5D21604FD700B5E334 /* HeroTableViewCell.swift */ = {isa = PBXFileReference; lastKnownFileType = sourcecode.swift; path = HeroTableViewCell.swift; sourceTree = "<group>"; };
		49359C5E21604FD700B5E334 /* HeroTableViewCell.xib */ = {isa = PBXFileReference; lastKnownFileType = file.xib; path = HeroTableViewCell.xib; sourceTree = "<group>"; };
		49359C622160512700B5E334 /* UIImageView.swift */ = {isa = PBXFileReference; lastKnownFileType = sourcecode.swift; path = UIImageView.swift; sourceTree = "<group>"; };
		49B14C5A2160F22E00A95CF9 /* HeroDetailViewController.swift */ = {isa = PBXFileReference; lastKnownFileType = sourcecode.swift; path = HeroDetailViewController.swift; sourceTree = "<group>"; };
		49B14C5D2160FC5000A95CF9 /* RoundedImage.swift */ = {isa = PBXFileReference; lastKnownFileType = sourcecode.swift; path = RoundedImage.swift; sourceTree = "<group>"; };
		49B14C6321610D0200A95CF9 /* ShowMoreTableViewCell.swift */ = {isa = PBXFileReference; lastKnownFileType = sourcecode.swift; path = ShowMoreTableViewCell.swift; sourceTree = "<group>"; };
		49B14C6421610D0200A95CF9 /* ShowMoreTableViewCell.xib */ = {isa = PBXFileReference; lastKnownFileType = file.xib; path = ShowMoreTableViewCell.xib; sourceTree = "<group>"; };
		49B7815B215ED45D0057B47F /* BeMyHero.app */ = {isa = PBXFileReference; explicitFileType = wrapper.application; includeInIndex = 0; path = BeMyHero.app; sourceTree = BUILT_PRODUCTS_DIR; };
		49B7815E215ED45D0057B47F /* AppDelegate.swift */ = {isa = PBXFileReference; lastKnownFileType = sourcecode.swift; path = AppDelegate.swift; sourceTree = "<group>"; };
		49B78165215ED45E0057B47F /* Assets.xcassets */ = {isa = PBXFileReference; lastKnownFileType = folder.assetcatalog; path = Assets.xcassets; sourceTree = "<group>"; };
		49B78168215ED45E0057B47F /* Base */ = {isa = PBXFileReference; lastKnownFileType = file.storyboard; name = Base; path = Base.lproj/LaunchScreen.storyboard; sourceTree = "<group>"; };
		49B7816A215ED45E0057B47F /* Info.plist */ = {isa = PBXFileReference; lastKnownFileType = text.plist.xml; path = Info.plist; sourceTree = "<group>"; };
		77AECBBFB238FF1463144EC1 /* Pods_BeMyHero.framework */ = {isa = PBXFileReference; explicitFileType = wrapper.framework; includeInIndex = 0; path = Pods_BeMyHero.framework; sourceTree = BUILT_PRODUCTS_DIR; };
		D9336D6E511504348D87E7F6 /* Pods-BeMyHero.debug.xcconfig */ = {isa = PBXFileReference; includeInIndex = 1; lastKnownFileType = text.xcconfig; name = "Pods-BeMyHero.debug.xcconfig"; path = "Pods/Target Support Files/Pods-BeMyHero/Pods-BeMyHero.debug.xcconfig"; sourceTree = "<group>"; };
/* End PBXFileReference section */

/* Begin PBXFrameworksBuildPhase section */
		49B78158215ED45D0057B47F /* Frameworks */ = {
			isa = PBXFrameworksBuildPhase;
			buildActionMask = 2147483647;
			files = (
				DC74466FC9928E1275F7C3E8 /* Pods_BeMyHero.framework in Frameworks */,
			);
			runOnlyForDeploymentPostprocessing = 0;
		};
/* End PBXFrameworksBuildPhase section */

/* Begin PBXGroup section */
		209B86A5570E7F5F20FAFAEF /* Pods */ = {
			isa = PBXGroup;
			children = (
				DB095C5385025441AB91D7E9 /* Frameworks */,
				D9336D6E511504348D87E7F6 /* Pods-BeMyHero.debug.xcconfig */,
				3EDE91502F6202A78736305C /* Pods-BeMyHero.release.xcconfig */,
			);
			name = Pods;
			sourceTree = "<group>";
		};
		49359C41215ED49D00B5E334 /* Controller */ = {
			isa = PBXGroup;
			children = (
				49359C44215ED4B700B5E334 /* List */,
				49359C43215ED4B000B5E334 /* Favorite */,
				49359C42215ED4AC00B5E334 /* Main */,
			);
			path = Controller;
			sourceTree = "<group>";
		};
		49359C42215ED4AC00B5E334 /* Main */ = {
			isa = PBXGroup;
			children = (
				49359C45215ED4C100B5E334 /* Main.storyboard */,
				49359C51215EDDD900B5E334 /* MainHeroViewController.swift */,
			);
			path = Main;
			sourceTree = "<group>";
		};
		49359C43215ED4B000B5E334 /* Favorite */ = {
			isa = PBXGroup;
			children = (
				49359C47215ED4CE00B5E334 /* Favorite.storyboard */,
			);
			path = Favorite;
			sourceTree = "<group>";
		};
		49359C44215ED4B700B5E334 /* List */ = {
			isa = PBXGroup;
			children = (
				49359C5C21604FC500B5E334 /* Cell */,
				49359C5921604B8D00B5E334 /* Data Source */,
				49359C49215ED4D500B5E334 /* List.storyboard */,
				49359C57216035F400B5E334 /* HeroesListViewController.swift */,
				49B14C5A2160F22E00A95CF9 /* HeroDetailViewController.swift */,
			);
			path = List;
			sourceTree = "<group>";
		};
		49359C4B215ED72300B5E334 /* Request */ = {
			isa = PBXGroup;
			children = (
				49359C4C215ED73B00B5E334 /* BaseRequester.swift */,
				49359C4E215EDD1600B5E334 /* HeroRequester.swift */,
			);
			path = Request;
			sourceTree = "<group>";
		};
		49359C5321602D6C00B5E334 /* Model */ = {
			isa = PBXGroup;
			children = (
				49359C5421602D7800B5E334 /* Hero.swift */,
			);
			path = Model;
			sourceTree = "<group>";
		};
		49359C5921604B8D00B5E334 /* Data Source */ = {
			isa = PBXGroup;
			children = (
				49359C5A21604B9D00B5E334 /* HeroesListDataSource.swift */,
			);
			path = "Data Source";
			sourceTree = "<group>";
		};
		49359C5C21604FC500B5E334 /* Cell */ = {
			isa = PBXGroup;
			children = (
				49359C5D21604FD700B5E334 /* HeroTableViewCell.swift */,
				49359C5E21604FD700B5E334 /* HeroTableViewCell.xib */,
				49B14C6321610D0200A95CF9 /* ShowMoreTableViewCell.swift */,
				49B14C6421610D0200A95CF9 /* ShowMoreTableViewCell.xib */,
			);
			path = Cell;
			sourceTree = "<group>";
		};
		49359C612160511600B5E334 /* Extensions */ = {
			isa = PBXGroup;
			children = (
				49359C622160512700B5E334 /* UIImageView.swift */,
			);
			path = Extensions;
			sourceTree = "<group>";
		};
		49B14C5C2160FC4000A95CF9 /* Custom View */ = {
			isa = PBXGroup;
			children = (
				49B14C5D2160FC5000A95CF9 /* RoundedImage.swift */,
			);
			path = "Custom View";
			sourceTree = "<group>";
		};
		49B78152215ED45D0057B47F = {
			isa = PBXGroup;
			children = (
				49B7815D215ED45D0057B47F /* BeMyHero */,
				49B7815C215ED45D0057B47F /* Products */,
				209B86A5570E7F5F20FAFAEF /* Pods */,
			);
			sourceTree = "<group>";
		};
		49B7815C215ED45D0057B47F /* Products */ = {
			isa = PBXGroup;
			children = (
				49B7815B215ED45D0057B47F /* BeMyHero.app */,
			);
			name = Products;
			sourceTree = "<group>";
		};
		49B7815D215ED45D0057B47F /* BeMyHero */ = {
			isa = PBXGroup;
			children = (
				49B14C5C2160FC4000A95CF9 /* Custom View */,
				49359C612160511600B5E334 /* Extensions */,
				49359C5321602D6C00B5E334 /* Model */,
				49359C4B215ED72300B5E334 /* Request */,
				49359C41215ED49D00B5E334 /* Controller */,
				49B7815E215ED45D0057B47F /* AppDelegate.swift */,
				49B78165215ED45E0057B47F /* Assets.xcassets */,
				49B78167215ED45E0057B47F /* LaunchScreen.storyboard */,
				49B7816A215ED45E0057B47F /* Info.plist */,
			);
			path = BeMyHero;
			sourceTree = "<group>";
		};
		DB095C5385025441AB91D7E9 /* Frameworks */ = {
			isa = PBXGroup;
			children = (
				77AECBBFB238FF1463144EC1 /* Pods_BeMyHero.framework */,
			);
			name = Frameworks;
			sourceTree = "<group>";
		};
/* End PBXGroup section */

/* Begin PBXNativeTarget section */
		49B7815A215ED45D0057B47F /* BeMyHero */ = {
			isa = PBXNativeTarget;
			buildConfigurationList = 49B7816D215ED45E0057B47F /* Build configuration list for PBXNativeTarget "BeMyHero" */;
			buildPhases = (
				88627EC5F5A84EFB52635976 /* [CP] Check Pods Manifest.lock */,
				49B78157215ED45D0057B47F /* Sources */,
				49B78158215ED45D0057B47F /* Frameworks */,
				49B78159215ED45D0057B47F /* Resources */,
				A22554DEDB5A29548A6586EF /* [CP] Embed Pods Frameworks */,
			);
			buildRules = (
			);
			dependencies = (
			);
			name = BeMyHero;
			productName = BeMyHero;
			productReference = 49B7815B215ED45D0057B47F /* BeMyHero.app */;
			productType = "com.apple.product-type.application";
		};
/* End PBXNativeTarget section */

/* Begin PBXProject section */
		49B78153215ED45D0057B47F /* Project object */ = {
			isa = PBXProject;
			attributes = {
				LastSwiftUpdateCheck = 1000;
				LastUpgradeCheck = 1000;
				ORGANIZATIONNAME = "Rodrigo Vianna";
				TargetAttributes = {
					49B7815A215ED45D0057B47F = {
						CreatedOnToolsVersion = 10.0;
					};
				};
			};
			buildConfigurationList = 49B78156215ED45D0057B47F /* Build configuration list for PBXProject "BeMyHero" */;
			compatibilityVersion = "Xcode 9.3";
			developmentRegion = en;
			hasScannedForEncodings = 0;
			knownRegions = (
				en,
				Base,
			);
			mainGroup = 49B78152215ED45D0057B47F;
			productRefGroup = 49B7815C215ED45D0057B47F /* Products */;
			projectDirPath = "";
			projectRoot = "";
			targets = (
				49B7815A215ED45D0057B47F /* BeMyHero */,
			);
		};
/* End PBXProject section */

/* Begin PBXResourcesBuildPhase section */
		49B78159215ED45D0057B47F /* Resources */ = {
			isa = PBXResourcesBuildPhase;
			buildActionMask = 2147483647;
			files = (
				49359C46215ED4C100B5E334 /* Main.storyboard in Resources */,
				49B78169215ED45E0057B47F /* LaunchScreen.storyboard in Resources */,
				49359C4A215ED4D500B5E334 /* List.storyboard in Resources */,
				49359C48215ED4CE00B5E334 /* Favorite.storyboard in Resources */,
				49B78166215ED45E0057B47F /* Assets.xcassets in Resources */,
				49B14C6621610D0200A95CF9 /* ShowMoreTableViewCell.xib in Resources */,
				49359C6021604FD700B5E334 /* HeroTableViewCell.xib in Resources */,
			);
			runOnlyForDeploymentPostprocessing = 0;
		};
/* End PBXResourcesBuildPhase section */

/* Begin PBXShellScriptBuildPhase section */
		88627EC5F5A84EFB52635976 /* [CP] Check Pods Manifest.lock */ = {
			isa = PBXShellScriptBuildPhase;
			buildActionMask = 2147483647;
			files = (
			);
			inputPaths = (
				"${PODS_PODFILE_DIR_PATH}/Podfile.lock",
				"${PODS_ROOT}/Manifest.lock",
			);
			name = "[CP] Check Pods Manifest.lock";
			outputPaths = (
				"$(DERIVED_FILE_DIR)/Pods-BeMyHero-checkManifestLockResult.txt",
			);
			runOnlyForDeploymentPostprocessing = 0;
			shellPath = /bin/sh;
			shellScript = "diff \"${PODS_PODFILE_DIR_PATH}/Podfile.lock\" \"${PODS_ROOT}/Manifest.lock\" > /dev/null\nif [ $? != 0 ] ; then\n    # print error to STDERR\n    echo \"error: The sandbox is not in sync with the Podfile.lock. Run 'pod install' or update your CocoaPods installation.\" >&2\n    exit 1\nfi\n# This output is used by Xcode 'outputs' to avoid re-running this script phase.\necho \"SUCCESS\" > \"${SCRIPT_OUTPUT_FILE_0}\"\n";
			showEnvVarsInLog = 0;
		};
		A22554DEDB5A29548A6586EF /* [CP] Embed Pods Frameworks */ = {
			isa = PBXShellScriptBuildPhase;
			buildActionMask = 2147483647;
			files = (
			);
			inputPaths = (
				"${SRCROOT}/Pods/Target Support Files/Pods-BeMyHero/Pods-BeMyHero-frameworks.sh",
				"${BUILT_PRODUCTS_DIR}/Alamofire/Alamofire.framework",
				"${BUILT_PRODUCTS_DIR}/CryptoSwift/CryptoSwift.framework",
				"${BUILT_PRODUCTS_DIR}/SwiftyJSON/SwiftyJSON.framework",
			);
			name = "[CP] Embed Pods Frameworks";
			outputPaths = (
				"${TARGET_BUILD_DIR}/${FRAMEWORKS_FOLDER_PATH}/Alamofire.framework",
				"${TARGET_BUILD_DIR}/${FRAMEWORKS_FOLDER_PATH}/CryptoSwift.framework",
				"${TARGET_BUILD_DIR}/${FRAMEWORKS_FOLDER_PATH}/SwiftyJSON.framework",
			);
			runOnlyForDeploymentPostprocessing = 0;
			shellPath = /bin/sh;
			shellScript = "\"${SRCROOT}/Pods/Target Support Files/Pods-BeMyHero/Pods-BeMyHero-frameworks.sh\"\n";
			showEnvVarsInLog = 0;
		};
/* End PBXShellScriptBuildPhase section */

/* Begin PBXSourcesBuildPhase section */
		49B78157215ED45D0057B47F /* Sources */ = {
			isa = PBXSourcesBuildPhase;
			buildActionMask = 2147483647;
			files = (
				49359C5521602D7800B5E334 /* Hero.swift in Sources */,
				49B14C5B2160F22E00A95CF9 /* HeroDetailViewController.swift in Sources */,
				49359C632160512700B5E334 /* UIImageView.swift in Sources */,
				49B7815F215ED45D0057B47F /* AppDelegate.swift in Sources */,
				49359C52215EDDD900B5E334 /* MainHeroViewController.swift in Sources */,
				49B14C6521610D0200A95CF9 /* ShowMoreTableViewCell.swift in Sources */,
				49359C5F21604FD700B5E334 /* HeroTableViewCell.swift in Sources */,
				49359C5B21604B9D00B5E334 /* HeroesListDataSource.swift in Sources */,
				49359C4F215EDD1600B5E334 /* HeroRequester.swift in Sources */,
				49359C58216035F400B5E334 /* HeroesListViewController.swift in Sources */,
				49B14C5E2160FC5000A95CF9 /* RoundedImage.swift in Sources */,
				49359C4D215ED73B00B5E334 /* BaseRequester.swift in Sources */,
			);
			runOnlyForDeploymentPostprocessing = 0;
		};
/* End PBXSourcesBuildPhase section */

/* Begin PBXVariantGroup section */
		49B78167215ED45E0057B47F /* LaunchScreen.storyboard */ = {
			isa = PBXVariantGroup;
			children = (
				49B78168215ED45E0057B47F /* Base */,
			);
			name = LaunchScreen.storyboard;
			sourceTree = "<group>";
		};
/* End PBXVariantGroup section */

/* Begin XCBuildConfiguration section */
		49B7816B215ED45E0057B47F /* Debug */ = {
			isa = XCBuildConfiguration;
			buildSettings = {
				ALWAYS_SEARCH_USER_PATHS = NO;
				CLANG_ANALYZER_NONNULL = YES;
				CLANG_ANALYZER_NUMBER_OBJECT_CONVERSION = YES_AGGRESSIVE;
				CLANG_CXX_LANGUAGE_STANDARD = "gnu++14";
				CLANG_CXX_LIBRARY = "libc++";
				CLANG_ENABLE_MODULES = YES;
				CLANG_ENABLE_OBJC_ARC = YES;
				CLANG_ENABLE_OBJC_WEAK = YES;
				CLANG_WARN_BLOCK_CAPTURE_AUTORELEASING = YES;
				CLANG_WARN_BOOL_CONVERSION = YES;
				CLANG_WARN_COMMA = YES;
				CLANG_WARN_CONSTANT_CONVERSION = YES;
				CLANG_WARN_DEPRECATED_OBJC_IMPLEMENTATIONS = YES;
				CLANG_WARN_DIRECT_OBJC_ISA_USAGE = YES_ERROR;
				CLANG_WARN_DOCUMENTATION_COMMENTS = YES;
				CLANG_WARN_EMPTY_BODY = YES;
				CLANG_WARN_ENUM_CONVERSION = YES;
				CLANG_WARN_INFINITE_RECURSION = YES;
				CLANG_WARN_INT_CONVERSION = YES;
				CLANG_WARN_NON_LITERAL_NULL_CONVERSION = YES;
				CLANG_WARN_OBJC_IMPLICIT_RETAIN_SELF = YES;
				CLANG_WARN_OBJC_LITERAL_CONVERSION = YES;
				CLANG_WARN_OBJC_ROOT_CLASS = YES_ERROR;
				CLANG_WARN_RANGE_LOOP_ANALYSIS = YES;
				CLANG_WARN_STRICT_PROTOTYPES = YES;
				CLANG_WARN_SUSPICIOUS_MOVE = YES;
				CLANG_WARN_UNGUARDED_AVAILABILITY = YES_AGGRESSIVE;
				CLANG_WARN_UNREACHABLE_CODE = YES;
				CLANG_WARN__DUPLICATE_METHOD_MATCH = YES;
				CODE_SIGN_IDENTITY = "iPhone Developer";
				COPY_PHASE_STRIP = NO;
				DEBUG_INFORMATION_FORMAT = dwarf;
				ENABLE_STRICT_OBJC_MSGSEND = YES;
				ENABLE_TESTABILITY = YES;
				GCC_C_LANGUAGE_STANDARD = gnu11;
				GCC_DYNAMIC_NO_PIC = NO;
				GCC_NO_COMMON_BLOCKS = YES;
				GCC_OPTIMIZATION_LEVEL = 0;
				GCC_PREPROCESSOR_DEFINITIONS = (
					"DEBUG=1",
					"$(inherited)",
				);
				GCC_WARN_64_TO_32_BIT_CONVERSION = YES;
				GCC_WARN_ABOUT_RETURN_TYPE = YES_ERROR;
				GCC_WARN_UNDECLARED_SELECTOR = YES;
				GCC_WARN_UNINITIALIZED_AUTOS = YES_AGGRESSIVE;
				GCC_WARN_UNUSED_FUNCTION = YES;
				GCC_WARN_UNUSED_VARIABLE = YES;
				IPHONEOS_DEPLOYMENT_TARGET = 12.0;
				MTL_ENABLE_DEBUG_INFO = INCLUDE_SOURCE;
				MTL_FAST_MATH = YES;
				ONLY_ACTIVE_ARCH = YES;
				SDKROOT = iphoneos;
				SWIFT_ACTIVE_COMPILATION_CONDITIONS = DEBUG;
				SWIFT_OPTIMIZATION_LEVEL = "-Onone";
			};
			name = Debug;
		};
		49B7816C215ED45E0057B47F /* Release */ = {
			isa = XCBuildConfiguration;
			buildSettings = {
				ALWAYS_SEARCH_USER_PATHS = NO;
				CLANG_ANALYZER_NONNULL = YES;
				CLANG_ANALYZER_NUMBER_OBJECT_CONVERSION = YES_AGGRESSIVE;
				CLANG_CXX_LANGUAGE_STANDARD = "gnu++14";
				CLANG_CXX_LIBRARY = "libc++";
				CLANG_ENABLE_MODULES = YES;
				CLANG_ENABLE_OBJC_ARC = YES;
				CLANG_ENABLE_OBJC_WEAK = YES;
				CLANG_WARN_BLOCK_CAPTURE_AUTORELEASING = YES;
				CLANG_WARN_BOOL_CONVERSION = YES;
				CLANG_WARN_COMMA = YES;
				CLANG_WARN_CONSTANT_CONVERSION = YES;
				CLANG_WARN_DEPRECATED_OBJC_IMPLEMENTATIONS = YES;
				CLANG_WARN_DIRECT_OBJC_ISA_USAGE = YES_ERROR;
				CLANG_WARN_DOCUMENTATION_COMMENTS = YES;
				CLANG_WARN_EMPTY_BODY = YES;
				CLANG_WARN_ENUM_CONVERSION = YES;
				CLANG_WARN_INFINITE_RECURSION = YES;
				CLANG_WARN_INT_CONVERSION = YES;
				CLANG_WARN_NON_LITERAL_NULL_CONVERSION = YES;
				CLANG_WARN_OBJC_IMPLICIT_RETAIN_SELF = YES;
				CLANG_WARN_OBJC_LITERAL_CONVERSION = YES;
				CLANG_WARN_OBJC_ROOT_CLASS = YES_ERROR;
				CLANG_WARN_RANGE_LOOP_ANALYSIS = YES;
				CLANG_WARN_STRICT_PROTOTYPES = YES;
				CLANG_WARN_SUSPICIOUS_MOVE = YES;
				CLANG_WARN_UNGUARDED_AVAILABILITY = YES_AGGRESSIVE;
				CLANG_WARN_UNREACHABLE_CODE = YES;
				CLANG_WARN__DUPLICATE_METHOD_MATCH = YES;
				CODE_SIGN_IDENTITY = "iPhone Developer";
				COPY_PHASE_STRIP = NO;
				DEBUG_INFORMATION_FORMAT = "dwarf-with-dsym";
				ENABLE_NS_ASSERTIONS = NO;
				ENABLE_STRICT_OBJC_MSGSEND = YES;
				GCC_C_LANGUAGE_STANDARD = gnu11;
				GCC_NO_COMMON_BLOCKS = YES;
				GCC_WARN_64_TO_32_BIT_CONVERSION = YES;
				GCC_WARN_ABOUT_RETURN_TYPE = YES_ERROR;
				GCC_WARN_UNDECLARED_SELECTOR = YES;
				GCC_WARN_UNINITIALIZED_AUTOS = YES_AGGRESSIVE;
				GCC_WARN_UNUSED_FUNCTION = YES;
				GCC_WARN_UNUSED_VARIABLE = YES;
				IPHONEOS_DEPLOYMENT_TARGET = 12.0;
				MTL_ENABLE_DEBUG_INFO = NO;
				MTL_FAST_MATH = YES;
				SDKROOT = iphoneos;
				SWIFT_COMPILATION_MODE = wholemodule;
				SWIFT_OPTIMIZATION_LEVEL = "-O";
				VALIDATE_PRODUCT = YES;
			};
			name = Release;
		};
		49B7816E215ED45E0057B47F /* Debug */ = {
			isa = XCBuildConfiguration;
			baseConfigurationReference = D9336D6E511504348D87E7F6 /* Pods-BeMyHero.debug.xcconfig */;
			buildSettings = {
				ASSETCATALOG_COMPILER_APPICON_NAME = AppIcon;
				CODE_SIGN_STYLE = Automatic;
				DEVELOPMENT_TEAM = W2EVZPD948;
				INFOPLIST_FILE = BeMyHero/Info.plist;
				LD_RUNPATH_SEARCH_PATHS = (
					"$(inherited)",
					"@executable_path/Frameworks",
				);
				PRODUCT_BUNDLE_IDENTIFIER = br.com.BeMyHero;
				PRODUCT_NAME = "$(TARGET_NAME)";
				SWIFT_VERSION = 4.2;
				TARGETED_DEVICE_FAMILY = "1,2";
			};
			name = Debug;
		};
		49B7816F215ED45E0057B47F /* Release */ = {
			isa = XCBuildConfiguration;
			baseConfigurationReference = 3EDE91502F6202A78736305C /* Pods-BeMyHero.release.xcconfig */;
			buildSettings = {
				ASSETCATALOG_COMPILER_APPICON_NAME = AppIcon;
				CODE_SIGN_STYLE = Automatic;
				DEVELOPMENT_TEAM = W2EVZPD948;
				INFOPLIST_FILE = BeMyHero/Info.plist;
				LD_RUNPATH_SEARCH_PATHS = (
					"$(inherited)",
					"@executable_path/Frameworks",
				);
				PRODUCT_BUNDLE_IDENTIFIER = br.com.BeMyHero;
				PRODUCT_NAME = "$(TARGET_NAME)";
				SWIFT_VERSION = 4.2;
				TARGETED_DEVICE_FAMILY = "1,2";
			};
			name = Release;
		};
/* End XCBuildConfiguration section */

/* Begin XCConfigurationList section */
		49B78156215ED45D0057B47F /* Build configuration list for PBXProject "BeMyHero" */ = {
			isa = XCConfigurationList;
			buildConfigurations = (
				49B7816B215ED45E0057B47F /* Debug */,
				49B7816C215ED45E0057B47F /* Release */,
			);
			defaultConfigurationIsVisible = 0;
			defaultConfigurationName = Release;
		};
		49B7816D215ED45E0057B47F /* Build configuration list for PBXNativeTarget "BeMyHero" */ = {
			isa = XCConfigurationList;
			buildConfigurations = (
				49B7816E215ED45E0057B47F /* Debug */,
				49B7816F215ED45E0057B47F /* Release */,
			);
			defaultConfigurationIsVisible = 0;
			defaultConfigurationName = Release;
		};
/* End XCConfigurationList section */
	};
	rootObject = 49B78153215ED45D0057B47F /* Project object */;
}
